
Microsoft Visual Studio Solution File, Format Version 12.00
# Visual Studio Version 16
VisualStudioVersion = 16.0.30907.101
MinimumVisualStudioVersion = 10.0.40219.1
Project("{FAE04EC0-301F-11D3-BF4B-00C04F79EFBC}") = "ShowTableInformationADO.NET", "ShowTableInformationADO.NET\ShowTableInformationADO.NET.csproj", "{D933A68A-B5A4-42A2-9E1C-4EC922AC7809}"
EndProject
Global
	GlobalSection(SolutionConfigurationPlatforms) = preSolution
		Debug|Any CPU = Debug|Any CPU
		Release|Any CPU = Release|Any CPU
	EndGlobalSection
	GlobalSection(ProjectConfigurationPlatforms) = postSolution
		{D933A68A-B5A4-42A2-9E1C-4EC922AC7809}.Debug|Any CPU.ActiveCfg = Debug|Any CPU
		{D933A68A-B5A4-42A2-9E1C-4EC922AC7809}.Debug|Any CPU.Build.0 = Debug|Any CPU
		{D933A68A-B5A4-42A2-9E1C-4EC922AC7809}.Release|Any CPU.ActiveCfg = Release|Any CPU
		{D933A68A-B5A4-42A2-9E1C-4EC922AC7809}.Release|Any CPU.Build.0 = Release|Any CPU
	EndGlobalSection
	GlobalSection(SolutionProperties) = preSolution
		HideSolutionNode = FALSE
	EndGlobalSection
	GlobalSection(ExtensibilityGlobals) = postSolution
		SolutionGuid = {8C76DA9C-6491-4767-9218-08D80BAB0662}
	EndGlobalSection
EndGlobal
